// !$*UTF8*$!
{
	archiveVersion = 1;
	classes = {
	};
	objectVersion = 77;
	objects = {

/* Begin PBXContainerItemProxy section */
		F7E5198B2CF5DE5300F86AEA /* PBXContainerItemProxy */ = {
			isa = PBXContainerItemProxy;
			containerPortal = F7E5196C2CF5DE5200F86AEA /* Project object */;
			proxyType = 1;
			remoteGlobalIDString = F7E519732CF5DE5200F86AEA;
			remoteInfo = imageGenationDemo;
		};
		F7E519952CF5DE5300F86AEA /* PBXContainerItemProxy */ = {
			isa = PBXContainerItemProxy;
			containerPortal = F7E5196C2CF5DE5200F86AEA /* Project object */;
			proxyType = 1;
			remoteGlobalIDString = F7E519732CF5DE5200F86AEA;
			remoteInfo = imageGenationDemo;
		};
/* End PBXContainerItemProxy section */

/* Begin PBXCopyFilesBuildPhase section */
		F7DF4CC32D0B501900D2D390 /* Embed Frameworks */ = {
			isa = PBXCopyFilesBuildPhase;
			buildActionMask = 2147483647;
			dstPath = "";
			dstSubfolderSpec = 10;
			files = (
			);
			name = "Embed Frameworks";
			runOnlyForDeploymentPostprocessing = 0;
		};
/* End PBXCopyFilesBuildPhase section */

/* Begin PBXFileReference section */
		F7E519742CF5DE5200F86AEA /* imageGenationDemo.app */ = {isa = PBXFileReference; explicitFileType = wrapper.application; includeInIndex = 0; path = imageGenationDemo.app; sourceTree = BUILT_PRODUCTS_DIR; };
		F7E5198A2CF5DE5300F86AEA /* imageGenationDemoTests.xctest */ = {isa = PBXFileReference; explicitFileType = wrapper.cfbundle; includeInIndex = 0; path = imageGenationDemoTests.xctest; sourceTree = BUILT_PRODUCTS_DIR; };
		F7E519942CF5DE5300F86AEA /* imageGenationDemoUITests.xctest */ = {isa = PBXFileReference; explicitFileType = wrapper.cfbundle; includeInIndex = 0; path = imageGenationDemoUITests.xctest; sourceTree = BUILT_PRODUCTS_DIR; };
/* End PBXFileReference section */

/* Begin PBXFileSystemSynchronizedBuildFileExceptionSet section */
		F7E5199C2CF5DE5300F86AEA /* Exceptions for "imageGenationDemo" folder in "imageGenationDemo" target */ = {
			isa = PBXFileSystemSynchronizedBuildFileExceptionSet;
			membershipExceptions = (
				Info.plist,
			);
			target = F7E519732CF5DE5200F86AEA /* imageGenationDemo */;
		};
/* End PBXFileSystemSynchronizedBuildFileExceptionSet section */

/* Begin PBXFileSystemSynchronizedRootGroup section */
		F7E519762CF5DE5200F86AEA /* imageGenationDemo */ = {
			isa = PBXFileSystemSynchronizedRootGroup;
			exceptions = (
				F7E5199C2CF5DE5300F86AEA /* Exceptions for "imageGenationDemo" folder in "imageGenationDemo" target */,
			);
			path = imageGenationDemo;
			sourceTree = "<group>";
		};
		F7E5198D2CF5DE5300F86AEA /* imageGenationDemoTests */ = {
			isa = PBXFileSystemSynchronizedRootGroup;
			path = imageGenationDemoTests;
			sourceTree = "<group>";
		};
		F7E519972CF5DE5300F86AEA /* imageGenationDemoUITests */ = {
			isa = PBXFileSystemSynchronizedRootGroup;
			path = imageGenationDemoUITests;
			sourceTree = "<group>";
		};
/* End PBXFileSystemSynchronizedRootGroup section */

/* Begin PBXFrameworksBuildPhase section */
		F7E519712CF5DE5200F86AEA /* Frameworks */ = {
			isa = PBXFrameworksBuildPhase;
			buildActionMask = 2147483647;
			files = (
			);
			runOnlyForDeploymentPostprocessing = 0;
		};
		F7E519872CF5DE5300F86AEA /* Frameworks */ = {
			isa = PBXFrameworksBuildPhase;
			buildActionMask = 2147483647;
			files = (
			);
			runOnlyForDeploymentPostprocessing = 0;
		};
		F7E519912CF5DE5300F86AEA /* Frameworks */ = {
			isa = PBXFrameworksBuildPhase;
			buildActionMask = 2147483647;
			files = (
			);
			runOnlyForDeploymentPostprocessing = 0;
		};
/* End PBXFrameworksBuildPhase section */

/* Begin PBXGroup section */
		F7E5196B2CF5DE5200F86AEA = {
			isa = PBXGroup;
			children = (
				F7E519762CF5DE5200F86AEA /* imageGenationDemo */,
				F7E5198D2CF5DE5300F86AEA /* imageGenationDemoTests */,
				F7E519972CF5DE5300F86AEA /* imageGenationDemoUITests */,
				F7E519752CF5DE5200F86AEA /* Products */,
			);
			sourceTree = "<group>";
		};
		F7E519752CF5DE5200F86AEA /* Products */ = {
			isa = PBXGroup;
			children = (
				F7E519742CF5DE5200F86AEA /* imageGenationDemo.app */,
				F7E5198A2CF5DE5300F86AEA /* imageGenationDemoTests.xctest */,
				F7E519942CF5DE5300F86AEA /* imageGenationDemoUITests.xctest */,
			);
			name = Products;
			sourceTree = "<group>";
		};
/* End PBXGroup section */

/* Begin PBXNativeTarget section */
		F7E519732CF5DE5200F86AEA /* imageGenationDemo */ = {
			isa = PBXNativeTarget;
			buildConfigurationList = F7E5199D2CF5DE5300F86AEA /* Build configuration list for PBXNativeTarget "imageGenationDemo" */;
			buildPhases = (
				F7E519702CF5DE5200F86AEA /* Sources */,
				F7E519712CF5DE5200F86AEA /* Frameworks */,
				F7E519722CF5DE5200F86AEA /* Resources */,
				F7DF4CC32D0B501900D2D390 /* Embed Frameworks */,
			);
			buildRules = (
			);
			dependencies = (
			);
			fileSystemSynchronizedGroups = (
				F7E519762CF5DE5200F86AEA /* imageGenationDemo */,
			);
			name = imageGenationDemo;
			packageProductDependencies = (
			);
			productName = imageGenationDemo;
			productReference = F7E519742CF5DE5200F86AEA /* imageGenationDemo.app */;
			productType = "com.apple.product-type.application";
		};
		F7E519892CF5DE5300F86AEA /* imageGenationDemoTests */ = {
			isa = PBXNativeTarget;
			buildConfigurationList = F7E519A22CF5DE5300F86AEA /* Build configuration list for PBXNativeTarget "imageGenationDemoTests" */;
			buildPhases = (
				F7E519862CF5DE5300F86AEA /* Sources */,
				F7E519872CF5DE5300F86AEA /* Frameworks */,
				F7E519882CF5DE5300F86AEA /* Resources */,
			);
			buildRules = (
			);
			dependencies = (
				F7E5198C2CF5DE5300F86AEA /* PBXTargetDependency */,
			);
			fileSystemSynchronizedGroups = (
				F7E5198D2CF5DE5300F86AEA /* imageGenationDemoTests */,
			);
			name = imageGenationDemoTests;
			packageProductDependencies = (
			);
			productName = imageGenationDemoTests;
			productReference = F7E5198A2CF5DE5300F86AEA /* imageGenationDemoTests.xctest */;
			productType = "com.apple.product-type.bundle.unit-test";
		};
		F7E519932CF5DE5300F86AEA /* imageGenationDemoUITests */ = {
			isa = PBXNativeTarget;
			buildConfigurationList = F7E519A52CF5DE5300F86AEA /* Build configuration list for PBXNativeTarget "imageGenationDemoUITests" */;
			buildPhases = (
				F7E519902CF5DE5300F86AEA /* Sources */,
				F7E519912CF5DE5300F86AEA /* Frameworks */,
				F7E519922CF5DE5300F86AEA /* Resources */,
			);
			buildRules = (
			);
			dependencies = (
				F7E519962CF5DE5300F86AEA /* PBXTargetDependency */,
			);
			fileSystemSynchronizedGroups = (
				F7E519972CF5DE5300F86AEA /* imageGenationDemoUITests */,
			);
			name = imageGenationDemoUITests;
			packageProductDependencies = (
			);
			productName = imageGenationDemoUITests;
			productReference = F7E519942CF5DE5300F86AEA /* imageGenationDemoUITests.xctest */;
			productType = "com.apple.product-type.bundle.ui-testing";
		};
/* End PBXNativeTarget section */

/* Begin PBXProject section */
		F7E5196C2CF5DE5200F86AEA /* Project object */ = {
			isa = PBXProject;
			attributes = {
				BuildIndependentTargetsInParallel = 1;
				LastSwiftUpdateCheck = 1600;
				LastUpgradeCheck = 1600;
				TargetAttributes = {
					F7E519732CF5DE5200F86AEA = {
						CreatedOnToolsVersion = 16.0;
					};
					F7E519892CF5DE5300F86AEA = {
						CreatedOnToolsVersion = 16.0;
						TestTargetID = F7E519732CF5DE5200F86AEA;
					};
					F7E519932CF5DE5300F86AEA = {
						CreatedOnToolsVersion = 16.0;
						TestTargetID = F7E519732CF5DE5200F86AEA;
					};
				};
			};
			buildConfigurationList = F7E5196F2CF5DE5200F86AEA /* Build configuration list for PBXProject "imageGenationDemo" */;
			developmentRegion = en;
			hasScannedForEncodings = 0;
			knownRegions = (
				en,
				Base,
			);
			mainGroup = F7E5196B2CF5DE5200F86AEA;
			minimizedProjectReferenceProxies = 1;
			packageReferences = (
			);
			preferredProjectObjectVersion = 77;
			productRefGroup = F7E519752CF5DE5200F86AEA /* Products */;
			projectDirPath = "";
			projectRoot = "";
			targets = (
				F7E519732CF5DE5200F86AEA /* imageGenationDemo */,
				F7E519892CF5DE5300F86AEA /* imageGenationDemoTests */,
				F7E519932CF5DE5300F86AEA /* imageGenationDemoUITests */,
			);
		};
/* End PBXProject section */

/* Begin PBXResourcesBuildPhase section */
		F7E519722CF5DE5200F86AEA /* Resources */ = {
			isa = PBXResourcesBuildPhase;
			buildActionMask = 2147483647;
			files = (
			);
			runOnlyForDeploymentPostprocessing = 0;
		};
		F7E519882CF5DE5300F86AEA /* Resources */ = {
			isa = PBXResourcesBuildPhase;
			buildActionMask = 2147483647;
			files = (
			);
			runOnlyForDeploymentPostprocessing = 0;
		};
		F7E519922CF5DE5300F86AEA /* Resources */ = {
			isa = PBXResourcesBuildPhase;
			buildActionMask = 2147483647;
			files = (
			);
			runOnlyForDeploymentPostprocessing = 0;
		};
/* End PBXResourcesBuildPhase section */

/* Begin PBXSourcesBuildPhase section */
		F7E519702CF5DE5200F86AEA /* Sources */ = {
			isa = PBXSourcesBuildPhase;
			buildActionMask = 2147483647;
			files = (
			);
			runOnlyForDeploymentPostprocessing = 0;
		};
		F7E519862CF5DE5300F86AEA /* Sources */ = {
			isa = PBXSourcesBuildPhase;
			buildActionMask = 2147483647;
			files = (
			);
			runOnlyForDeploymentPostprocessing = 0;
		};
		F7E519902CF5DE5300F86AEA /* Sources */ = {
			isa = PBXSourcesBuildPhase;
			buildActionMask = 2147483647;
			files = (
			);
			runOnlyForDeploymentPostprocessing = 0;
		};
/* End PBXSourcesBuildPhase section */

/* Begin PBXTargetDependency section */
		F7E5198C2CF5DE5300F86AEA /* PBXTargetDependency */ = {
			isa = PBXTargetDependency;
			target = F7E519732CF5DE5200F86AEA /* imageGenationDemo */;
			targetProxy = F7E5198B2CF5DE5300F86AEA /* PBXContainerItemProxy */;
		};
		F7E519962CF5DE5300F86AEA /* PBXTargetDependency */ = {
			isa = PBXTargetDependency;
			target = F7E519732CF5DE5200F86AEA /* imageGenationDemo */;
			targetProxy = F7E519952CF5DE5300F86AEA /* PBXContainerItemProxy */;
		};
/* End PBXTargetDependency section */

/* Begin XCBuildConfiguration section */
		F7E5199E2CF5DE5300F86AEA /* Debug */ = {
			isa = XCBuildConfiguration;
			buildSettings = {
				ASSETCATALOG_COMPILER_APPICON_NAME = AppIcon;
				ASSETCATALOG_COMPILER_GLOBAL_ACCENT_COLOR_NAME = AccentColor;
				CODE_SIGN_STYLE = Automatic;
				CURRENT_PROJECT_VERSION = 1;
				DEVELOPMENT_TEAM = YX6KMS32FS;
				FRAMEWORK_SEARCH_PATHS = (
					"$(inherited)",
					"$(PROJECT_DIR)/imageGenationDemo",
				);
				GENERATE_INFOPLIST_FILE = YES;
				INFOPLIST_FILE = imageGenationDemo/Info.plist;
				INFOPLIST_KEY_NSCameraUsageDescription = "Allow Camera to update profile and certificates in app";
				INFOPLIST_KEY_UIApplicationSupportsIndirectInputEvents = YES;
				INFOPLIST_KEY_UILaunchStoryboardName = LaunchScreen;
				INFOPLIST_KEY_UIMainStoryboardFile = Main;
				INFOPLIST_KEY_UISupportedInterfaceOrientations_iPad = "UIInterfaceOrientationPortrait UIInterfaceOrientationPortraitUpsideDown UIInterfaceOrientationLandscapeLeft UIInterfaceOrientationLandscapeRight";
				INFOPLIST_KEY_UISupportedInterfaceOrientations_iPhone = "UIInterfaceOrientationPortrait UIInterfaceOrientationLandscapeLeft UIInterfaceOrientationLandscapeRight";
				IPHONEOS_DEPLOYMENT_TARGET = 15.6;
				LD_RUNPATH_SEARCH_PATHS = (
					"$(inherited)",
					"@executable_path/Frameworks",
				);
				MARKETING_VERSION = 1.0;
				PRODUCT_BUNDLE_IDENTIFIER = com.trackerapp.TrackerApp;
				PRODUCT_NAME = "$(TARGET_NAME)";
				SWIFT_EMIT_LOC_STRINGS = YES;
				SWIFT_VERSION = 5.0;
				TARGETED_DEVICE_FAMILY = "1,2";
			};
			name = Debug;
		};
		F7E5199F2CF5DE5300F86AEA /* Release */ = {
			isa = XCBuildConfiguration;
			buildSettings = {
				ASSETCATALOG_COMPILER_APPICON_NAME = AppIcon;
				ASSETCATALOG_COMPILER_GLOBAL_ACCENT_COLOR_NAME = AccentColor;
				CODE_SIGN_STYLE = Automatic;
				CURRENT_PROJECT_VERSION = 1;
				DEVELOPMENT_TEAM = YX6KMS32FS;
				FRAMEWORK_SEARCH_PATHS = (
					"$(inherited)",
					"$(PROJECT_DIR)/imageGenationDemo",
				);
				GENERATE_INFOPLIST_FILE = YES;
				INFOPLIST_FILE = imageGenationDemo/Info.plist;
				INFOPLIST_KEY_NSCameraUsageDescription = "Allow Camera to update profile and certificates in app";
				INFOPLIST_KEY_UIApplicationSupportsIndirectInputEvents = YES;
				INFOPLIST_KEY_UILaunchStoryboardName = LaunchScreen;
				INFOPLIST_KEY_UIMainStoryboardFile = Main;
				INFOPLIST_KEY_UISupportedInterfaceOrientations_iPad = "UIInterfaceOrientationPortrait UIInterfaceOrientationPortraitUpsideDown UIInterfaceOrientationLandscapeLeft UIInterfaceOrientationLandscapeRight";
				INFOPLIST_KEY_UISupportedInterfaceOrientations_iPhone = "UIInterfaceOrientationPortrait UIInterfaceOrientationLandscapeLeft UIInterfaceOrientationLandscapeRight";
				IPHONEOS_DEPLOYMENT_TARGET = 15.6;
				LD_RUNPATH_SEARCH_PATHS = (
					"$(inherited)",
					"@executable_path/Frameworks",
				);
				MARKETING_VERSION = 1.0;
				PRODUCT_BUNDLE_IDENTIFIER = com.trackerapp.TrackerApp;
				PRODUCT_NAME = "$(TARGET_NAME)";
				SWIFT_EMIT_LOC_STRINGS = YES;
				SWIFT_VERSION = 5.0;
				TARGETED_DEVICE_FAMILY = "1,2";
			};
			name = Release;
		};
		F7E519A02CF5DE5300F86AEA /* Debug */ = {
			isa = XCBuildConfiguration;
			buildSettings = {
				ALWAYS_SEARCH_USER_PATHS = NO;
				ASSETCATALOG_COMPILER_GENERATE_SWIFT_ASSET_SYMBOL_EXTENSIONS = YES;
				CLANG_ANALYZER_NONNULL = YES;
				CLANG_ANALYZER_NUMBER_OBJECT_CONVERSION = YES_AGGRESSIVE;
				CLANG_CXX_LANGUAGE_STANDARD = "gnu++20";
				CLANG_ENABLE_MODULES = YES;
				CLANG_ENABLE_OBJC_ARC = YES;
				CLANG_ENABLE_OBJC_WEAK = YES;
				CLANG_WARN_BLOCK_CAPTURE_AUTORELEASING = YES;
				CLANG_WARN_BOOL_CONVERSION = YES;
				CLANG_WARN_COMMA = YES;
				CLANG_WARN_CONSTANT_CONVERSION = YES;
				CLANG_WARN_DEPRECATED_OBJC_IMPLEMENTATIONS = YES;
				CLANG_WARN_DIRECT_OBJC_ISA_USAGE = YES_ERROR;
				CLANG_WARN_DOCUMENTATION_COMMENTS = YES;
				CLANG_WARN_EMPTY_BODY = YES;
				CLANG_WARN_ENUM_CONVERSION = YES;
				CLANG_WARN_INFINITE_RECURSION = YES;
				CLANG_WARN_INT_CONVERSION = YES;
				CLANG_WARN_NON_LITERAL_NULL_CONVERSION = YES;
				CLANG_WARN_OBJC_IMPLICIT_RETAIN_SELF = YES;
				CLANG_WARN_OBJC_LITERAL_CONVERSION = YES;
				CLANG_WARN_OBJC_ROOT_CLASS = YES_ERROR;
				CLANG_WARN_QUOTED_INCLUDE_IN_FRAMEWORK_HEADER = YES;
				CLANG_WARN_RANGE_LOOP_ANALYSIS = YES;
				CLANG_WARN_STRICT_PROTOTYPES = YES;
				CLANG_WARN_SUSPICIOUS_MOVE = YES;
				CLANG_WARN_UNGUARDED_AVAILABILITY = YES_AGGRESSIVE;
				CLANG_WARN_UNREACHABLE_CODE = YES;
				CLANG_WARN__DUPLICATE_METHOD_MATCH = YES;
				COPY_PHASE_STRIP = NO;
				DEBUG_INFORMATION_FORMAT = dwarf;
				ENABLE_STRICT_OBJC_MSGSEND = YES;
				ENABLE_TESTABILITY = YES;
				ENABLE_USER_SCRIPT_SANDBOXING = YES;
				GCC_C_LANGUAGE_STANDARD = gnu17;
				GCC_DYNAMIC_NO_PIC = NO;
				GCC_NO_COMMON_BLOCKS = YES;
				GCC_OPTIMIZATION_LEVEL = 0;
				GCC_PREPROCESSOR_DEFINITIONS = (
					"DEBUG=1",
					"$(inherited)",
				);
				GCC_WARN_64_TO_32_BIT_CONVERSION = YES;
				GCC_WARN_ABOUT_RETURN_TYPE = YES_ERROR;
				GCC_WARN_UNDECLARED_SELECTOR = YES;
				GCC_WARN_UNINITIALIZED_AUTOS = YES_AGGRESSIVE;
				GCC_WARN_UNUSED_FUNCTION = YES;
				GCC_WARN_UNUSED_VARIABLE = YES;
				IPHONEOS_DEPLOYMENT_TARGET = 18.0;
				LOCALIZATION_PREFERS_STRING_CATALOGS = YES;
				MTL_ENABLE_DEBUG_INFO = INCLUDE_SOURCE;
				MTL_FAST_MATH = YES;
				ONLY_ACTIVE_ARCH = YES;
				SDKROOT = iphoneos;
				SWIFT_ACTIVE_COMPILATION_CONDITIONS = "DEBUG $(inherited)";
				SWIFT_OPTIMIZATION_LEVEL = "-Onone";
			};
			name = Debug;
		};
		F7E519A12CF5DE5300F86AEA /* Release */ = {
			isa = XCBuildConfiguration;
			buildSettings = {
				ALWAYS_SEARCH_USER_PATHS = NO;
				ASSETCATALOG_COMPILER_GENERATE_SWIFT_ASSET_SYMBOL_EXTENSIONS = YES;
				CLANG_ANALYZER_NONNULL = YES;
				CLANG_ANALYZER_NUMBER_OBJECT_CONVERSION = YES_AGGRESSIVE;
				CLANG_CXX_LANGUAGE_STANDARD = "gnu++20";
				CLANG_ENABLE_MODULES = YES;
				CLANG_ENABLE_OBJC_ARC = YES;
				CLANG_ENABLE_OBJC_WEAK = YES;
				CLANG_WARN_BLOCK_CAPTURE_AUTORELEASING = YES;
				CLANG_WARN_BOOL_CONVERSION = YES;
				CLANG_WARN_COMMA = YES;
				CLANG_WARN_CONSTANT_CONVERSION = YES;
				CLANG_WARN_DEPRECATED_OBJC_IMPLEMENTATIONS = YES;
				CLANG_WARN_DIRECT_OBJC_ISA_USAGE = YES_ERROR;
				CLANG_WARN_DOCUMENTATION_COMMENTS = YES;
				CLANG_WARN_EMPTY_BODY = YES;
				CLANG_WARN_ENUM_CONVERSION = YES;
				CLANG_WARN_INFINITE_RECURSION = YES;
				CLANG_WARN_INT_CONVERSION = YES;
				CLANG_WARN_NON_LITERAL_NULL_CONVERSION = YES;
				CLANG_WARN_OBJC_IMPLICIT_RETAIN_SELF = YES;
				CLANG_WARN_OBJC_LITERAL_CONVERSION = YES;
				CLANG_WARN_OBJC_ROOT_CLASS = YES_ERROR;
				CLANG_WARN_QUOTED_INCLUDE_IN_FRAMEWORK_HEADER = YES;
				CLANG_WARN_RANGE_LOOP_ANALYSIS = YES;
				CLANG_WARN_STRICT_PROTOTYPES = YES;
				CLANG_WARN_SUSPICIOUS_MOVE = YES;
				CLANG_WARN_UNGUARDED_AVAILABILITY = YES_AGGRESSIVE;
				CLANG_WARN_UNREACHABLE_CODE = YES;
				CLANG_WARN__DUPLICATE_METHOD_MATCH = YES;
				COPY_PHASE_STRIP = NO;
				DEBUG_INFORMATION_FORMAT = "dwarf-with-dsym";
				ENABLE_NS_ASSERTIONS = NO;
				ENABLE_STRICT_OBJC_MSGSEND = YES;
				ENABLE_USER_SCRIPT_SANDBOXING = YES;
				GCC_C_LANGUAGE_STANDARD = gnu17;
				GCC_NO_COMMON_BLOCKS = YES;
				GCC_WARN_64_TO_32_BIT_CONVERSION = YES;
				GCC_WARN_ABOUT_RETURN_TYPE = YES_ERROR;
				GCC_WARN_UNDECLARED_SELECTOR = YES;
				GCC_WARN_UNINITIALIZED_AUTOS = YES_AGGRESSIVE;
				GCC_WARN_UNUSED_FUNCTION = YES;
				GCC_WARN_UNUSED_VARIABLE = YES;
				IPHONEOS_DEPLOYMENT_TARGET = 18.0;
				LOCALIZATION_PREFERS_STRING_CATALOGS = YES;
				MTL_ENABLE_DEBUG_INFO = NO;
				MTL_FAST_MATH = YES;
				SDKROOT = iphoneos;
				SWIFT_COMPILATION_MODE = wholemodule;
				VALIDATE_PRODUCT = YES;
			};
			name = Release;
		};
		F7E519A32CF5DE5300F86AEA /* Debug */ = {
			isa = XCBuildConfiguration;
			buildSettings = {
				BUNDLE_LOADER = "$(TEST_HOST)";
				CODE_SIGN_STYLE = Automatic;
				CURRENT_PROJECT_VERSION = 1;
				DEVELOPMENT_TEAM = YX6KMS32FS;
				GENERATE_INFOPLIST_FILE = YES;
				IPHONEOS_DEPLOYMENT_TARGET = 18.0;
				MARKETING_VERSION = 1.0;
				PRODUCT_BUNDLE_IDENTIFIER = com.ImageGeneration.imageGenationDemoTests;
				PRODUCT_NAME = "$(TARGET_NAME)";
				SWIFT_EMIT_LOC_STRINGS = NO;
				SWIFT_VERSION = 5.0;
				TARGETED_DEVICE_FAMILY = "1,2";
				TEST_HOST = "$(BUILT_PRODUCTS_DIR)/imageGenationDemo.app/$(BUNDLE_EXECUTABLE_FOLDER_PATH)/imageGenationDemo";
			};
			name = Debug;
		};
		F7E519A42CF5DE5300F86AEA /* Release */ = {
			isa = XCBuildConfiguration;
			buildSettings = {
				BUNDLE_LOADER = "$(TEST_HOST)";
				CODE_SIGN_STYLE = Automatic;
				CURRENT_PROJECT_VERSION = 1;
				DEVELOPMENT_TEAM = YX6KMS32FS;
				GENERATE_INFOPLIST_FILE = YES;
				IPHONEOS_DEPLOYMENT_TARGET = 18.0;
				MARKETING_VERSION = 1.0;
				PRODUCT_BUNDLE_IDENTIFIER = com.ImageGeneration.imageGenationDemoTests;
				PRODUCT_NAME = "$(TARGET_NAME)";
				SWIFT_EMIT_LOC_STRINGS = NO;
				SWIFT_VERSION = 5.0;
				TARGETED_DEVICE_FAMILY = "1,2";
				TEST_HOST = "$(BUILT_PRODUCTS_DIR)/imageGenationDemo.app/$(BUNDLE_EXECUTABLE_FOLDER_PATH)/imageGenationDemo";
			};
			name = Release;
		};
		F7E519A62CF5DE5300F86AEA /* Debug */ = {
			isa = XCBuildConfiguration;
			buildSettings = {
				CODE_SIGN_STYLE = Automatic;
				CURRENT_PROJECT_VERSION = 1;
				DEVELOPMENT_TEAM = YX6KMS32FS;
				GENERATE_INFOPLIST_FILE = YES;
				MARKETING_VERSION = 1.0;
				PRODUCT_BUNDLE_IDENTIFIER = com.ImageGeneration.imageGenationDemoUITests;
				PRODUCT_NAME = "$(TARGET_NAME)";
				SWIFT_EMIT_LOC_STRINGS = NO;
				SWIFT_VERSION = 5.0;
				TARGETED_DEVICE_FAMILY = "1,2";
				TEST_TARGET_NAME = imageGenationDemo;
			};
			name = Debug;
		};
		F7E519A72CF5DE5300F86AEA /* Release */ = {
			isa = XCBuildConfiguration;
			buildSettings = {
				CODE_SIGN_STYLE = Automatic;
				CURRENT_PROJECT_VERSION = 1;
				DEVELOPMENT_TEAM = YX6KMS32FS;
				GENERATE_INFOPLIST_FILE = YES;
				MARKETING_VERSION = 1.0;
				PRODUCT_BUNDLE_IDENTIFIER = com.ImageGeneration.imageGenationDemoUITests;
				PRODUCT_NAME = "$(TARGET_NAME)";
				SWIFT_EMIT_LOC_STRINGS = NO;
				SWIFT_VERSION = 5.0;
				TARGETED_DEVICE_FAMILY = "1,2";
				TEST_TARGET_NAME = imageGenationDemo;
			};
			name = Release;
		};
/* End XCBuildConfiguration section */

/* Begin XCConfigurationList section */
		F7E5196F2CF5DE5200F86AEA /* Build configuration list for PBXProject "imageGenationDemo" */ = {
			isa = XCConfigurationList;
			buildConfigurations = (
				F7E519A02CF5DE5300F86AEA /* Debug */,
				F7E519A12CF5DE5300F86AEA /* Release */,
			);
			defaultConfigurationIsVisible = 0;
			defaultConfigurationName = Release;
		};
		F7E5199D2CF5DE5300F86AEA /* Build configuration list for PBXNativeTarget "imageGenationDemo" */ = {
			isa = XCConfigurationList;
			buildConfigurations = (
				F7E5199E2CF5DE5300F86AEA /* Debug */,
				F7E5199F2CF5DE5300F86AEA /* Release */,
			);
			defaultConfigurationIsVisible = 0;
			defaultConfigurationName = Release;
		};
		F7E519A22CF5DE5300F86AEA /* Build configuration list for PBXNativeTarget "imageGenationDemoTests" */ = {
			isa = XCConfigurationList;
			buildConfigurations = (
				F7E519A32CF5DE5300F86AEA /* Debug */,
				F7E519A42CF5DE5300F86AEA /* Release */,
			);
			defaultConfigurationIsVisible = 0;
			defaultConfigurationName = Release;
		};
		F7E519A52CF5DE5300F86AEA /* Build configuration list for PBXNativeTarget "imageGenationDemoUITests" */ = {
			isa = XCConfigurationList;
			buildConfigurations = (
				F7E519A62CF5DE5300F86AEA /* Debug */,
				F7E519A72CF5DE5300F86AEA /* Release */,
			);
			defaultConfigurationIsVisible = 0;
			defaultConfigurationName = Release;
		};
/* End XCConfigurationList section */
	};
	rootObject = F7E5196C2CF5DE5200F86AEA /* Project object */;
}
